
Microsoft Visual Studio Solution File, Format Version 12.00
# Visual Studio Version 16
VisualStudioVersion = 16.0.30225.117
MinimumVisualStudioVersion = 10.0.40219.1
Project("{FAE04EC0-301F-11D3-BF4B-00C04F79EFBC}") = "InsertToForm", "InsertToForm.csproj", "{DFB8CE09-3389-43C4-BF7C-21FD71CC03E1}"
EndProject
Global
	GlobalSection(SolutionConfigurationPlatforms) = preSolution
		Debug|Any CPU = Debug|Any CPU
		Release|Any CPU = Release|Any CPU
	EndGlobalSection
	GlobalSection(ProjectConfigurationPlatforms) = postSolution
		{DFB8CE09-3389-43C4-BF7C-21FD71CC03E1}.Debug|Any CPU.ActiveCfg = Debug|Any CPU
		{DFB8CE09-3389-43C4-BF7C-21FD71CC03E1}.Debug|Any CPU.Build.0 = Debug|Any CPU
		{DFB8CE09-3389-43C4-BF7C-21FD71CC03E1}.Release|Any CPU.ActiveCfg = Release|Any CPU
		{DFB8CE09-3389-43C4-BF7C-21FD71CC03E1}.Release|Any CPU.Build.0 = Release|Any CPU
	EndGlobalSection
	GlobalSection(SolutionProperties) = preSolution
		HideSolutionNode = FALSE
	EndGlobalSection
	GlobalSection(ExtensibilityGlobals) = postSolution
		SolutionGuid = {EF44A409-53F9-4461-8FB8-E9ABBDA75BD2}
	EndGlobalSection
EndGlobal
